
Microsoft Visual Studio Solution File, Format Version 12.00
# Visual Studio Version 16
VisualStudioVersion = 16.0.28922.388
MinimumVisualStudioVersion = 10.0.40219.1
Project("{FAE04EC0-301F-11D3-BF4B-00C04F79EFBC}") = "FibbageQEdit", "FibbageQEdit.csproj", "{D0D3C2F2-DC07-471B-A4DF-F0D526BCD1AA}"
EndProject
Global
	GlobalSection(SolutionConfigurationPlatforms) = preSolution
		Debug|Any CPU = Debug|Any CPU
		Release|Any CPU = Release|Any CPU
	EndGlobalSection
	GlobalSection(ProjectConfigurationPlatforms) = postSolution
		{D0D3C2F2-DC07-471B-A4DF-F0D526BCD1AA}.Debug|Any CPU.ActiveCfg = Debug|Any CPU
		{D0D3C2F2-DC07-471B-A4DF-F0D526BCD1AA}.Debug|Any CPU.Build.0 = Debug|Any CPU
		{D0D3C2F2-DC07-471B-A4DF-F0D526BCD1AA}.Release|Any CPU.ActiveCfg = Release|Any CPU
		{D0D3C2F2-DC07-471B-A4DF-F0D526BCD1AA}.Release|Any CPU.Build.0 = Release|Any CPU
	EndGlobalSection
	GlobalSection(SolutionProperties) = preSolution
		HideSolutionNode = FALSE
	EndGlobalSection
	GlobalSection(ExtensibilityGlobals) = postSolution
		SolutionGuid = {5E3BB0A4-7CAF-4FF3-8554-3305562942D8}
	EndGlobalSection
EndGlobal
